
Microsoft Visual Studio Solution File, Format Version 12.00
# Visual Studio Version 17
VisualStudioVersion = 17.14.36127.28 d17.14
MinimumVisualStudioVersion = 10.0.40219.1
Project("{FAE04EC0-301F-11D3-BF4B-00C04F79EFBC}") = "FLLSlides.Api", "FLLSlides.Api.csproj", "{F6F6B927-9FE8-4EDC-B274-2DA6FD5F2948}"
EndProject
Project("{FAE04EC0-301F-11D3-BF4B-00C04F79EFBC}") = "FLLSlides.Shared", "..\..\..\OneDrive\Dev\FLLSlides\Shared\FLLSlides.Shared.csproj", "{54E53E77-D13A-4F49-05B6-578E1449689E}"
EndProject
Global
	GlobalSection(SolutionConfigurationPlatforms) = preSolution
		Debug|Any CPU = Debug|Any CPU
		Release|Any CPU = Release|Any CPU
	EndGlobalSection
	GlobalSection(ProjectConfigurationPlatforms) = postSolution
		{F6F6B927-9FE8-4EDC-B274-2DA6FD5F2948}.Debug|Any CPU.ActiveCfg = Debug|Any CPU
		{F6F6B927-9FE8-4EDC-B274-2DA6FD5F2948}.Debug|Any CPU.Build.0 = Debug|Any CPU
		{F6F6B927-9FE8-4EDC-B274-2DA6FD5F2948}.Release|Any CPU.ActiveCfg = Release|Any CPU
		{F6F6B927-9FE8-4EDC-B274-2DA6FD5F2948}.Release|Any CPU.Build.0 = Release|Any CPU
		{54E53E77-D13A-4F49-05B6-578E1449689E}.Debug|Any CPU.ActiveCfg = Debug|Any CPU
		{54E53E77-D13A-4F49-05B6-578E1449689E}.Debug|Any CPU.Build.0 = Debug|Any CPU
		{54E53E77-D13A-4F49-05B6-578E1449689E}.Release|Any CPU.ActiveCfg = Release|Any CPU
		{54E53E77-D13A-4F49-05B6-578E1449689E}.Release|Any CPU.Build.0 = Release|Any CPU
	EndGlobalSection
	GlobalSection(SolutionProperties) = preSolution
		HideSolutionNode = FALSE
	EndGlobalSection
	GlobalSection(ExtensibilityGlobals) = postSolution
		SolutionGuid = {62C66352-18BA-489D-9FED-5569EBD2D7A4}
	EndGlobalSection
EndGlobal
